github.com/StratoAPI/Interface v0.0.4 h1:QsoEeeJUe/+K9TToFwYexoIlhvj6ofl27ZnJNwB35mo=
github.com/StratoAPI/Interface v0.0.4/go.mod h1:jLlD9bBfAuFE0VN6FkrvX3cMhuDnbikzonCMprOLsyw=
github.com/StratoAPI/Interface v0.0.5/go.mod h1:jLlD9bBfAuFE0VN6FkrvX3cMhuDnbikzonCMprOLsyw=
github.com/StratoAPI/Interface v0.0.6/go.mod h1:jLlD9bBfAuFE0VN6FkrvX3cMhuDnbikzonCMprOLsyw=
